
Microsoft Visual Studio Solution File, Format Version 12.00
# Visual Studio Version 16
VisualStudioVersion = 16.0.31129.286
MinimumVisualStudioVersion = 10.0.40219.1
Project("{FAE04EC0-301F-11D3-BF4B-00C04F79EFBC}") = "WebApplicationEmpleados", "WebApplicationEmpleados\WebApplicationEmpleados.csproj", "{72942626-D193-4F3F-9BD5-2A1381908860}"
EndProject
Project("{FAE04EC0-301F-11D3-BF4B-00C04F79EFBC}") = "WindowsFormsEmpleados", "WindowsFormsEmpleados\WindowsFormsEmpleados.csproj", "{6967FC82-BB48-42A8-9303-AC26C4747359}"
EndProject
Project("{FAE04EC0-301F-11D3-BF4B-00C04F79EFBC}") = "EmpleadosLibrary", "EmpleadosLibrary\EmpleadosLibrary.csproj", "{A5C58FB0-895B-4B1E-B2EC-32E396FFFF07}"
EndProject
Global
	GlobalSection(SolutionConfigurationPlatforms) = preSolution
		Debug|Any CPU = Debug|Any CPU
		Release|Any CPU = Release|Any CPU
	EndGlobalSection
	GlobalSection(ProjectConfigurationPlatforms) = postSolution
		{72942626-D193-4F3F-9BD5-2A1381908860}.Debug|Any CPU.ActiveCfg = Debug|Any CPU
		{72942626-D193-4F3F-9BD5-2A1381908860}.Debug|Any CPU.Build.0 = Debug|Any CPU
		{72942626-D193-4F3F-9BD5-2A1381908860}.Release|Any CPU.ActiveCfg = Release|Any CPU
		{72942626-D193-4F3F-9BD5-2A1381908860}.Release|Any CPU.Build.0 = Release|Any CPU
		{6967FC82-BB48-42A8-9303-AC26C4747359}.Debug|Any CPU.ActiveCfg = Debug|Any CPU
		{6967FC82-BB48-42A8-9303-AC26C4747359}.Debug|Any CPU.Build.0 = Debug|Any CPU
		{6967FC82-BB48-42A8-9303-AC26C4747359}.Release|Any CPU.ActiveCfg = Release|Any CPU
		{6967FC82-BB48-42A8-9303-AC26C4747359}.Release|Any CPU.Build.0 = Release|Any CPU
		{A5C58FB0-895B-4B1E-B2EC-32E396FFFF07}.Debug|Any CPU.ActiveCfg = Debug|Any CPU
		{A5C58FB0-895B-4B1E-B2EC-32E396FFFF07}.Debug|Any CPU.Build.0 = Debug|Any CPU
		{A5C58FB0-895B-4B1E-B2EC-32E396FFFF07}.Release|Any CPU.ActiveCfg = Release|Any CPU
		{A5C58FB0-895B-4B1E-B2EC-32E396FFFF07}.Release|Any CPU.Build.0 = Release|Any CPU
	EndGlobalSection
	GlobalSection(SolutionProperties) = preSolution
		HideSolutionNode = FALSE
	EndGlobalSection
	GlobalSection(ExtensibilityGlobals) = postSolution
		SolutionGuid = {A81BC37C-DEB5-4458-A876-0CE81B7BA6EC}
	EndGlobalSection
EndGlobal
